// !$*UTF8*$!
{
	archiveVersion = 1;
	classes = {
	};
	objectVersion = 56;
	objects = {

/* Begin PBXBuildFile section */
		A81459BE2A65B9A200CB407F /* Mock.swift in Sources */ = {isa = PBXBuildFile; fileRef = A81459BD2A65B9A200CB407F /* Mock.swift */; };
		A81459C02A660A0A00CB407F /* WKView.swift in Sources */ = {isa = PBXBuildFile; fileRef = A81459BF2A660A0A00CB407F /* WKView.swift */; };
		A84FA84E2A6686A60092AB5E /* Expired.swift in Sources */ = {isa = PBXBuildFile; fileRef = A84FA84D2A6686A60092AB5E /* Expired.swift */; };
		A84FA8832A67A8680092AB5E /* Basic.swift in Sources */ = {isa = PBXBuildFile; fileRef = A84FA8822A67A8680092AB5E /* Basic.swift */; };
		A84FA8852A67AC130092AB5E /* Token.swift in Sources */ = {isa = PBXBuildFile; fileRef = A84FA8842A67AC130092AB5E /* Token.swift */; };
		A84FA8882A67BF4F0092AB5E /* Sparkle in Frameworks */ = {isa = PBXBuildFile; productRef = A84FA8872A67BF4F0092AB5E /* Sparkle */; };
		A84FA88A2A67BF940092AB5E /* Updater.swift in Sources */ = {isa = PBXBuildFile; fileRef = A84FA8892A67BF940092AB5E /* Updater.swift */; };
		A84FA88C2A67BFD80092AB5E /* UpdateView.swift in Sources */ = {isa = PBXBuildFile; fileRef = A84FA88B2A67BFD80092AB5E /* UpdateView.swift */; };
		A888FF1B2A5FF123002DC299 /* PerferenceDao.swift in Sources */ = {isa = PBXBuildFile; fileRef = A888FF1A2A5FF123002DC299 /* PerferenceDao.swift */; };
		A888FF1D2A5FF8AC002DC299 /* PerferenceInteractor.swift in Sources */ = {isa = PBXBuildFile; fileRef = A888FF1C2A5FF8AC002DC299 /* PerferenceInteractor.swift */; };
		A8A32D832A67EF7B00090F1C /* UpdaterInteractor.swift in Sources */ = {isa = PBXBuildFile; fileRef = A8A32D822A67EF7B00090F1C /* UpdaterInteractor.swift */; };
		A8FD3D252A5D0BA800908404 /* BitoApp.swift in Sources */ = {isa = PBXBuildFile; fileRef = A8FD3D242A5D0BA800908404 /* BitoApp.swift */; };
		A8FD3D272A5D0BA800908404 /* ContentView.swift in Sources */ = {isa = PBXBuildFile; fileRef = A8FD3D262A5D0BA800908404 /* ContentView.swift */; };
		A8FD3D292A5D0BAA00908404 /* Assets.xcassets in Resources */ = {isa = PBXBuildFile; fileRef = A8FD3D282A5D0BAA00908404 /* Assets.xcassets */; };
		A8FD3D2C2A5D0BAA00908404 /* Preview Assets.xcassets in Resources */ = {isa = PBXBuildFile; fileRef = A8FD3D2B2A5D0BAA00908404 /* Preview Assets.xcassets */; };
		A8FD3D3F2A5D0C6600908404 /* Config.swift in Sources */ = {isa = PBXBuildFile; fileRef = A8FD3D3E2A5D0C6600908404 /* Config.swift */; };
		A8FD3D412A5D0CC500908404 /* LoginView.swift in Sources */ = {isa = PBXBuildFile; fileRef = A8FD3D402A5D0CC500908404 /* LoginView.swift */; };
		A8FD3D442A5D23A900908404 /* Ditto in Frameworks */ = {isa = PBXBuildFile; productRef = A8FD3D432A5D23A900908404 /* Ditto */; };
		A8FD3D462A5D26EA00908404 /* View.swift in Sources */ = {isa = PBXBuildFile; fileRef = A8FD3D452A5D26EA00908404 /* View.swift */; };
		A8FD3D482A5D280300908404 /* Color.swift in Sources */ = {isa = PBXBuildFile; fileRef = A8FD3D472A5D280300908404 /* Color.swift */; };
		A8FD3D4C2A5D36BB00908404 /* DIContainer.swift in Sources */ = {isa = PBXBuildFile; fileRef = A8FD3D4B2A5D36BB00908404 /* DIContainer.swift */; };
		A8FD3D4E2A5D371000908404 /* AppState.swift in Sources */ = {isa = PBXBuildFile; fileRef = A8FD3D4D2A5D371000908404 /* AppState.swift */; };
		A8FD3D502A5D37D100908404 /* Repository.swift in Sources */ = {isa = PBXBuildFile; fileRef = A8FD3D4F2A5D37D100908404 /* Repository.swift */; };
		A8FD3D522A5D5B4300908404 /* Login.swift in Sources */ = {isa = PBXBuildFile; fileRef = A8FD3D512A5D5B4300908404 /* Login.swift */; };
		A8FD3D542A5D5C3D00908404 /* WFH.swift in Sources */ = {isa = PBXBuildFile; fileRef = A8FD3D532A5D5C3D00908404 /* WFH.swift */; };
		A8FD3D562A5D5D5B00908404 /* Web.swift in Sources */ = {isa = PBXBuildFile; fileRef = A8FD3D552A5D5D5B00908404 /* Web.swift */; };
		A8FD3D582A5D5E8D00908404 /* Interactors.swift in Sources */ = {isa = PBXBuildFile; fileRef = A8FD3D572A5D5E8D00908404 /* Interactors.swift */; };
		A8FD3D5A2A5D613B00908404 /* WebInteractor.swift in Sources */ = {isa = PBXBuildFile; fileRef = A8FD3D592A5D613B00908404 /* WebInteractor.swift */; };
		A8FD3D5C2A5D61BB00908404 /* Dao.swift in Sources */ = {isa = PBXBuildFile; fileRef = A8FD3D5B2A5D61BB00908404 /* Dao.swift */; };
		A8FD3D5E2A5D66A500908404 /* String.swift in Sources */ = {isa = PBXBuildFile; fileRef = A8FD3D5D2A5D66A500908404 /* String.swift */; };
		A8FD3D602A5D755300908404 /* SystemInteractor.swift in Sources */ = {isa = PBXBuildFile; fileRef = A8FD3D5F2A5D755300908404 /* SystemInteractor.swift */; };
		A8FD3D622A5D77BB00908404 /* WFHView.swift in Sources */ = {isa = PBXBuildFile; fileRef = A8FD3D612A5D77BB00908404 /* WFHView.swift */; };
		A8FD3D652A5FA0A600908404 /* MultiDatePicker.swift in Sources */ = {isa = PBXBuildFile; fileRef = A8FD3D642A5FA0A600908404 /* MultiDatePicker.swift */; };
/* End PBXBuildFile section */

/* Begin PBXFileReference section */
		A81459BD2A65B9A200CB407F /* Mock.swift */ = {isa = PBXFileReference; lastKnownFileType = sourcecode.swift; path = Mock.swift; sourceTree = "<group>"; };
		A81459BF2A660A0A00CB407F /* WKView.swift */ = {isa = PBXFileReference; fileEncoding = 4; lastKnownFileType = sourcecode.swift; path = WKView.swift; sourceTree = "<group>"; };
		A84FA84D2A6686A60092AB5E /* Expired.swift */ = {isa = PBXFileReference; lastKnownFileType = sourcecode.swift; path = Expired.swift; sourceTree = "<group>"; };
		A84FA8822A67A8680092AB5E /* Basic.swift */ = {isa = PBXFileReference; lastKnownFileType = sourcecode.swift; path = Basic.swift; sourceTree = "<group>"; };
		A84FA8842A67AC130092AB5E /* Token.swift */ = {isa = PBXFileReference; lastKnownFileType = sourcecode.swift; path = Token.swift; sourceTree = "<group>"; };
		A84FA8892A67BF940092AB5E /* Updater.swift */ = {isa = PBXFileReference; lastKnownFileType = sourcecode.swift; path = Updater.swift; sourceTree = "<group>"; };
		A84FA88B2A67BFD80092AB5E /* UpdateView.swift */ = {isa = PBXFileReference; lastKnownFileType = sourcecode.swift; path = UpdateView.swift; sourceTree = "<group>"; };
		A888FF1A2A5FF123002DC299 /* PerferenceDao.swift */ = {isa = PBXFileReference; lastKnownFileType = sourcecode.swift; path = PerferenceDao.swift; sourceTree = "<group>"; };
		A888FF1C2A5FF8AC002DC299 /* PerferenceInteractor.swift */ = {isa = PBXFileReference; lastKnownFileType = sourcecode.swift; path = PerferenceInteractor.swift; sourceTree = "<group>"; };
		A8A32D822A67EF7B00090F1C /* UpdaterInteractor.swift */ = {isa = PBXFileReference; lastKnownFileType = sourcecode.swift; path = UpdaterInteractor.swift; sourceTree = "<group>"; };
		A8A32D842A67F12500090F1C /* Info.plist */ = {isa = PBXFileReference; lastKnownFileType = text.plist; path = Info.plist; sourceTree = "<group>"; };
		A8FD3D212A5D0BA800908404 /* Bito.app */ = {isa = PBXFileReference; explicitFileType = wrapper.application; includeInIndex = 0; path = Bito.app; sourceTree = BUILT_PRODUCTS_DIR; };
		A8FD3D242A5D0BA800908404 /* BitoApp.swift */ = {isa = PBXFileReference; lastKnownFileType = sourcecode.swift; path = BitoApp.swift; sourceTree = "<group>"; };
		A8FD3D262A5D0BA800908404 /* ContentView.swift */ = {isa = PBXFileReference; lastKnownFileType = sourcecode.swift; path = ContentView.swift; sourceTree = "<group>"; };
		A8FD3D282A5D0BAA00908404 /* Assets.xcassets */ = {isa = PBXFileReference; lastKnownFileType = folder.assetcatalog; path = Assets.xcassets; sourceTree = "<group>"; };
		A8FD3D2B2A5D0BAA00908404 /* Preview Assets.xcassets */ = {isa = PBXFileReference; lastKnownFileType = folder.assetcatalog; path = "Preview Assets.xcassets"; sourceTree = "<group>"; };
		A8FD3D2D2A5D0BAA00908404 /* Bito.entitlements */ = {isa = PBXFileReference; lastKnownFileType = text.plist.entitlements; path = Bito.entitlements; sourceTree = "<group>"; };
		A8FD3D3E2A5D0C6600908404 /* Config.swift */ = {isa = PBXFileReference; lastKnownFileType = sourcecode.swift; path = Config.swift; sourceTree = "<group>"; };
		A8FD3D402A5D0CC500908404 /* LoginView.swift */ = {isa = PBXFileReference; lastKnownFileType = sourcecode.swift; path = LoginView.swift; sourceTree = "<group>"; };
		A8FD3D452A5D26EA00908404 /* View.swift */ = {isa = PBXFileReference; lastKnownFileType = sourcecode.swift; path = View.swift; sourceTree = "<group>"; };
		A8FD3D472A5D280300908404 /* Color.swift */ = {isa = PBXFileReference; lastKnownFileType = sourcecode.swift; path = Color.swift; sourceTree = "<group>"; };
		A8FD3D4B2A5D36BB00908404 /* DIContainer.swift */ = {isa = PBXFileReference; lastKnownFileType = sourcecode.swift; path = DIContainer.swift; sourceTree = "<group>"; };
		A8FD3D4D2A5D371000908404 /* AppState.swift */ = {isa = PBXFileReference; lastKnownFileType = sourcecode.swift; path = AppState.swift; sourceTree = "<group>"; };
		A8FD3D4F2A5D37D100908404 /* Repository.swift */ = {isa = PBXFileReference; lastKnownFileType = sourcecode.swift; path = Repository.swift; sourceTree = "<group>"; };
		A8FD3D512A5D5B4300908404 /* Login.swift */ = {isa = PBXFileReference; lastKnownFileType = sourcecode.swift; path = Login.swift; sourceTree = "<group>"; };
		A8FD3D532A5D5C3D00908404 /* WFH.swift */ = {isa = PBXFileReference; lastKnownFileType = sourcecode.swift; path = WFH.swift; sourceTree = "<group>"; };
		A8FD3D552A5D5D5B00908404 /* Web.swift */ = {isa = PBXFileReference; lastKnownFileType = sourcecode.swift; path = Web.swift; sourceTree = "<group>"; };
		A8FD3D572A5D5E8D00908404 /* Interactors.swift */ = {isa = PBXFileReference; lastKnownFileType = sourcecode.swift; path = Interactors.swift; sourceTree = "<group>"; };
		A8FD3D592A5D613B00908404 /* WebInteractor.swift */ = {isa = PBXFileReference; lastKnownFileType = sourcecode.swift; path = WebInteractor.swift; sourceTree = "<group>"; };
		A8FD3D5B2A5D61BB00908404 /* Dao.swift */ = {isa = PBXFileReference; lastKnownFileType = sourcecode.swift; path = Dao.swift; sourceTree = "<group>"; };
		A8FD3D5D2A5D66A500908404 /* String.swift */ = {isa = PBXFileReference; lastKnownFileType = sourcecode.swift; path = String.swift; sourceTree = "<group>"; };
		A8FD3D5F2A5D755300908404 /* SystemInteractor.swift */ = {isa = PBXFileReference; lastKnownFileType = sourcecode.swift; path = SystemInteractor.swift; sourceTree = "<group>"; };
		A8FD3D612A5D77BB00908404 /* WFHView.swift */ = {isa = PBXFileReference; lastKnownFileType = sourcecode.swift; path = WFHView.swift; sourceTree = "<group>"; };
		A8FD3D642A5FA0A600908404 /* MultiDatePicker.swift */ = {isa = PBXFileReference; lastKnownFileType = sourcecode.swift; path = MultiDatePicker.swift; sourceTree = "<group>"; };
/* End PBXFileReference section */

/* Begin PBXFrameworksBuildPhase section */
		A8FD3D1E2A5D0BA800908404 /* Frameworks */ = {
			isa = PBXFrameworksBuildPhase;
			buildActionMask = 2147483647;
			files = (
				A8FD3D442A5D23A900908404 /* Ditto in Frameworks */,
				A84FA8882A67BF4F0092AB5E /* Sparkle in Frameworks */,
			);
			runOnlyForDeploymentPostprocessing = 0;
		};
/* End PBXFrameworksBuildPhase section */

/* Begin PBXGroup section */
		A8FD3D182A5D0BA800908404 = {
			isa = PBXGroup;
			children = (
				A8FD3D232A5D0BA800908404 /* Bito */,
				A8FD3D222A5D0BA800908404 /* Products */,
			);
			sourceTree = "<group>";
		};
		A8FD3D222A5D0BA800908404 /* Products */ = {
			isa = PBXGroup;
			children = (
				A8FD3D212A5D0BA800908404 /* Bito.app */,
			);
			name = Products;
			sourceTree = "<group>";
		};
		A8FD3D232A5D0BA800908404 /* Bito */ = {
			isa = PBXGroup;
			children = (
				A8A32D842A67F12500090F1C /* Info.plist */,
				A8FD3D242A5D0BA800908404 /* BitoApp.swift */,
				A8FD3D342A5D0BD000908404 /* UI */,
				A8FD3D352A5D0BD900908404 /* Internal */,
				A8FD3D332A5D0BBD00908404 /* Resource */,
				A8FD3D2A2A5D0BAA00908404 /* Preview Content */,
			);
			path = Bito;
			sourceTree = "<group>";
		};
		A8FD3D2A2A5D0BAA00908404 /* Preview Content */ = {
			isa = PBXGroup;
			children = (
				A8FD3D2B2A5D0BAA00908404 /* Preview Assets.xcassets */,
				A81459BD2A65B9A200CB407F /* Mock.swift */,
			);
			path = "Preview Content";
			sourceTree = "<group>";
		};
		A8FD3D332A5D0BBD00908404 /* Resource */ = {
			isa = PBXGroup;
			children = (
				A8FD3D2D2A5D0BAA00908404 /* Bito.entitlements */,
				A8FD3D282A5D0BAA00908404 /* Assets.xcassets */,
			);
			path = Resource;
			sourceTree = "<group>";
		};
		A8FD3D342A5D0BD000908404 /* UI */ = {
			isa = PBXGroup;
			children = (
				A8FD3D632A5FA08A00908404 /* Component */,
				A8FD3D262A5D0BA800908404 /* ContentView.swift */,
				A8FD3D402A5D0CC500908404 /* LoginView.swift */,
				A8FD3D612A5D77BB00908404 /* WFHView.swift */,
			);
			path = UI;
			sourceTree = "<group>";
		};
		A8FD3D352A5D0BD900908404 /* Internal */ = {
			isa = PBXGroup;
			children = (
				A8FD3D3C2A5D0C4600908404 /* Extension */,
				A8FD3D3A2A5D0C2500908404 /* Util */,
				A8FD3D372A5D0C1700908404 /* Model */,
				A8FD3D362A5D0BE200908404 /* System */,
				A8FD3D382A5D0C1A00908404 /* Domain */,
				A8FD3D3B2A5D0C3000908404 /* Interactor */,
				A8FD3D392A5D0C1F00908404 /* Repository */,
			);
			path = Internal;
			sourceTree = "<group>";
		};
		A8FD3D362A5D0BE200908404 /* System */ = {
			isa = PBXGroup;
			children = (
				A8FD3D4B2A5D36BB00908404 /* DIContainer.swift */,
				A8FD3D4D2A5D371000908404 /* AppState.swift */,
				A8FD3D572A5D5E8D00908404 /* Interactors.swift */,
			);
			path = System;
			sourceTree = "<group>";
		};
		A8FD3D372A5D0C1700908404 /* Model */ = {
			isa = PBXGroup;
			children = (
				A8FD3D512A5D5B4300908404 /* Login.swift */,
				A8FD3D532A5D5C3D00908404 /* WFH.swift */,
				A84FA84D2A6686A60092AB5E /* Expired.swift */,
				A84FA8822A67A8680092AB5E /* Basic.swift */,
				A84FA8842A67AC130092AB5E /* Token.swift */,
			);
			path = Model;
			sourceTree = "<group>";
		};
		A8FD3D382A5D0C1A00908404 /* Domain */ = {
			isa = PBXGroup;
			children = (
				A8FD3D4F2A5D37D100908404 /* Repository.swift */,
				A8FD3D552A5D5D5B00908404 /* Web.swift */,
			);
			path = Domain;
			sourceTree = "<group>";
		};
		A8FD3D392A5D0C1F00908404 /* Repository */ = {
			isa = PBXGroup;
			children = (
				A8FD3D5B2A5D61BB00908404 /* Dao.swift */,
				A888FF1A2A5FF123002DC299 /* PerferenceDao.swift */,
			);
			path = Repository;
			sourceTree = "<group>";
		};
		A8FD3D3A2A5D0C2500908404 /* Util */ = {
			isa = PBXGroup;
			children = (
				A8FD3D3E2A5D0C6600908404 /* Config.swift */,
				A84FA8892A67BF940092AB5E /* Updater.swift */,
			);
			path = Util;
			sourceTree = "<group>";
		};
		A8FD3D3B2A5D0C3000908404 /* Interactor */ = {
			isa = PBXGroup;
			children = (
				A8FD3D5F2A5D755300908404 /* SystemInteractor.swift */,
				A888FF1C2A5FF8AC002DC299 /* PerferenceInteractor.swift */,
				A8FD3D592A5D613B00908404 /* WebInteractor.swift */,
				A8A32D822A67EF7B00090F1C /* UpdaterInteractor.swift */,
			);
			path = Interactor;
			sourceTree = "<group>";
		};
		A8FD3D3C2A5D0C4600908404 /* Extension */ = {
			isa = PBXGroup;
			children = (
				A8FD3D452A5D26EA00908404 /* View.swift */,
				A8FD3D472A5D280300908404 /* Color.swift */,
				A8FD3D5D2A5D66A500908404 /* String.swift */,
			);
			path = Extension;
			sourceTree = "<group>";
		};
		A8FD3D632A5FA08A00908404 /* Component */ = {
			isa = PBXGroup;
			children = (
				A8FD3D642A5FA0A600908404 /* MultiDatePicker.swift */,
				A81459BF2A660A0A00CB407F /* WKView.swift */,
				A84FA88B2A67BFD80092AB5E /* UpdateView.swift */,
			);
			path = Component;
			sourceTree = "<group>";
		};
/* End PBXGroup section */

/* Begin PBXNativeTarget section */
		A8FD3D202A5D0BA800908404 /* Bito */ = {
			isa = PBXNativeTarget;
			buildConfigurationList = A8FD3D302A5D0BAA00908404 /* Build configuration list for PBXNativeTarget "Bito" */;
			buildPhases = (
				A8FD3D1D2A5D0BA800908404 /* Sources */,
				A8FD3D1E2A5D0BA800908404 /* Frameworks */,
				A8FD3D1F2A5D0BA800908404 /* Resources */,
			);
			buildRules = (
			);
			dependencies = (
			);
			name = Bito;
			packageProductDependencies = (
				A8FD3D432A5D23A900908404 /* Ditto */,
				A84FA8872A67BF4F0092AB5E /* Sparkle */,
			);
			productName = Bito;
			productReference = A8FD3D212A5D0BA800908404 /* Bito.app */;
			productType = "com.apple.product-type.application";
		};
/* End PBXNativeTarget section */

/* Begin PBXProject section */
		A8FD3D192A5D0BA800908404 /* Project object */ = {
			isa = PBXProject;
			attributes = {
				BuildIndependentTargetsInParallel = 1;
				LastSwiftUpdateCheck = 1430;
				LastUpgradeCheck = 1430;
				TargetAttributes = {
					A8FD3D202A5D0BA800908404 = {
						CreatedOnToolsVersion = 14.3.1;
					};
				};
			};
			buildConfigurationList = A8FD3D1C2A5D0BA800908404 /* Build configuration list for PBXProject "Bito" */;
			compatibilityVersion = "Xcode 14.0";
			developmentRegion = en;
			hasScannedForEncodings = 0;
			knownRegions = (
				en,
				Base,
			);
			mainGroup = A8FD3D182A5D0BA800908404;
			packageReferences = (
				A8FD3D422A5D23A900908404 /* XCRemoteSwiftPackageReference "Ditto" */,
				A84FA8862A67BF4F0092AB5E /* XCRemoteSwiftPackageReference "Sparkle" */,
			);
			productRefGroup = A8FD3D222A5D0BA800908404 /* Products */;
			projectDirPath = "";
			projectRoot = "";
			targets = (
				A8FD3D202A5D0BA800908404 /* Bito */,
			);
		};
/* End PBXProject section */

/* Begin PBXResourcesBuildPhase section */
		A8FD3D1F2A5D0BA800908404 /* Resources */ = {
			isa = PBXResourcesBuildPhase;
			buildActionMask = 2147483647;
			files = (
				A8FD3D2C2A5D0BAA00908404 /* Preview Assets.xcassets in Resources */,
				A8FD3D292A5D0BAA00908404 /* Assets.xcassets in Resources */,
			);
			runOnlyForDeploymentPostprocessing = 0;
		};
/* End PBXResourcesBuildPhase section */

/* Begin PBXSourcesBuildPhase section */
		A8FD3D1D2A5D0BA800908404 /* Sources */ = {
			isa = PBXSourcesBuildPhase;
			buildActionMask = 2147483647;
			files = (
				A8FD3D4C2A5D36BB00908404 /* DIContainer.swift in Sources */,
				A84FA84E2A6686A60092AB5E /* Expired.swift in Sources */,
				A8FD3D272A5D0BA800908404 /* ContentView.swift in Sources */,
				A8FD3D252A5D0BA800908404 /* BitoApp.swift in Sources */,
				A8FD3D4E2A5D371000908404 /* AppState.swift in Sources */,
				A84FA88C2A67BFD80092AB5E /* UpdateView.swift in Sources */,
				A84FA88A2A67BF940092AB5E /* Updater.swift in Sources */,
				A8FD3D462A5D26EA00908404 /* View.swift in Sources */,
				A8FD3D652A5FA0A600908404 /* MultiDatePicker.swift in Sources */,
				A888FF1D2A5FF8AC002DC299 /* PerferenceInteractor.swift in Sources */,
				A84FA8832A67A8680092AB5E /* Basic.swift in Sources */,
				A8FD3D602A5D755300908404 /* SystemInteractor.swift in Sources */,
				A8FD3D3F2A5D0C6600908404 /* Config.swift in Sources */,
				A84FA8852A67AC130092AB5E /* Token.swift in Sources */,
				A8FD3D562A5D5D5B00908404 /* Web.swift in Sources */,
				A888FF1B2A5FF123002DC299 /* PerferenceDao.swift in Sources */,
				A8FD3D5A2A5D613B00908404 /* WebInteractor.swift in Sources */,
				A8FD3D5C2A5D61BB00908404 /* Dao.swift in Sources */,
				A81459BE2A65B9A200CB407F /* Mock.swift in Sources */,
				A8FD3D412A5D0CC500908404 /* LoginView.swift in Sources */,
				A8FD3D542A5D5C3D00908404 /* WFH.swift in Sources */,
				A81459C02A660A0A00CB407F /* WKView.swift in Sources */,
				A8A32D832A67EF7B00090F1C /* UpdaterInteractor.swift in Sources */,
				A8FD3D622A5D77BB00908404 /* WFHView.swift in Sources */,
				A8FD3D522A5D5B4300908404 /* Login.swift in Sources */,
				A8FD3D582A5D5E8D00908404 /* Interactors.swift in Sources */,
				A8FD3D482A5D280300908404 /* Color.swift in Sources */,
				A8FD3D5E2A5D66A500908404 /* String.swift in Sources */,
				A8FD3D502A5D37D100908404 /* Repository.swift in Sources */,
			);
			runOnlyForDeploymentPostprocessing = 0;
		};
/* End PBXSourcesBuildPhase section */

/* Begin XCBuildConfiguration section */
		A8FD3D2E2A5D0BAA00908404 /* Debug */ = {
			isa = XCBuildConfiguration;
			buildSettings = {
				ALWAYS_SEARCH_USER_PATHS = NO;
				CLANG_ANALYZER_NONNULL = YES;
				CLANG_ANALYZER_NUMBER_OBJECT_CONVERSION = YES_AGGRESSIVE;
				CLANG_CXX_LANGUAGE_STANDARD = "gnu++20";
				CLANG_ENABLE_MODULES = YES;
				CLANG_ENABLE_OBJC_ARC = YES;
				CLANG_ENABLE_OBJC_WEAK = YES;
				CLANG_WARN_BLOCK_CAPTURE_AUTORELEASING = YES;
				CLANG_WARN_BOOL_CONVERSION = YES;
				CLANG_WARN_COMMA = YES;
				CLANG_WARN_CONSTANT_CONVERSION = YES;
				CLANG_WARN_DEPRECATED_OBJC_IMPLEMENTATIONS = YES;
				CLANG_WARN_DIRECT_OBJC_ISA_USAGE = YES_ERROR;
				CLANG_WARN_DOCUMENTATION_COMMENTS = YES;
				CLANG_WARN_EMPTY_BODY = YES;
				CLANG_WARN_ENUM_CONVERSION = YES;
				CLANG_WARN_INFINITE_RECURSION = YES;
				CLANG_WARN_INT_CONVERSION = YES;
				CLANG_WARN_NON_LITERAL_NULL_CONVERSION = YES;
				CLANG_WARN_OBJC_IMPLICIT_RETAIN_SELF = YES;
				CLANG_WARN_OBJC_LITERAL_CONVERSION = YES;
				CLANG_WARN_OBJC_ROOT_CLASS = YES_ERROR;
				CLANG_WARN_QUOTED_INCLUDE_IN_FRAMEWORK_HEADER = YES;
				CLANG_WARN_RANGE_LOOP_ANALYSIS = YES;
				CLANG_WARN_STRICT_PROTOTYPES = YES;
				CLANG_WARN_SUSPICIOUS_MOVE = YES;
				CLANG_WARN_UNGUARDED_AVAILABILITY = YES_AGGRESSIVE;
				CLANG_WARN_UNREACHABLE_CODE = YES;
				CLANG_WARN__DUPLICATE_METHOD_MATCH = YES;
				COPY_PHASE_STRIP = NO;
				DEBUG_INFORMATION_FORMAT = dwarf;
				ENABLE_STRICT_OBJC_MSGSEND = YES;
				ENABLE_TESTABILITY = YES;
				GCC_C_LANGUAGE_STANDARD = gnu11;
				GCC_DYNAMIC_NO_PIC = NO;
				GCC_NO_COMMON_BLOCKS = YES;
				GCC_OPTIMIZATION_LEVEL = 0;
				GCC_PREPROCESSOR_DEFINITIONS = (
					"DEBUG=1",
					"$(inherited)",
				);
				GCC_WARN_64_TO_32_BIT_CONVERSION = YES;
				GCC_WARN_ABOUT_RETURN_TYPE = YES_ERROR;
				GCC_WARN_UNDECLARED_SELECTOR = YES;
				GCC_WARN_UNINITIALIZED_AUTOS = YES_AGGRESSIVE;
				GCC_WARN_UNUSED_FUNCTION = YES;
				GCC_WARN_UNUSED_VARIABLE = YES;
				MACOSX_DEPLOYMENT_TARGET = 13.2;
				MTL_ENABLE_DEBUG_INFO = INCLUDE_SOURCE;
				MTL_FAST_MATH = YES;
				ONLY_ACTIVE_ARCH = YES;
				SDKROOT = macosx;
				SWIFT_ACTIVE_COMPILATION_CONDITIONS = DEBUG;
				SWIFT_OPTIMIZATION_LEVEL = "-Onone";
			};
			name = Debug;
		};
		A8FD3D2F2A5D0BAA00908404 /* Release */ = {
			isa = XCBuildConfiguration;
			buildSettings = {
				ALWAYS_SEARCH_USER_PATHS = NO;
				CLANG_ANALYZER_NONNULL = YES;
				CLANG_ANALYZER_NUMBER_OBJECT_CONVERSION = YES_AGGRESSIVE;
				CLANG_CXX_LANGUAGE_STANDARD = "gnu++20";
				CLANG_ENABLE_MODULES = YES;
				CLANG_ENABLE_OBJC_ARC = YES;
				CLANG_ENABLE_OBJC_WEAK = YES;
				CLANG_WARN_BLOCK_CAPTURE_AUTORELEASING = YES;
				CLANG_WARN_BOOL_CONVERSION = YES;
				CLANG_WARN_COMMA = YES;
				CLANG_WARN_CONSTANT_CONVERSION = YES;
				CLANG_WARN_DEPRECATED_OBJC_IMPLEMENTATIONS = YES;
				CLANG_WARN_DIRECT_OBJC_ISA_USAGE = YES_ERROR;
				CLANG_WARN_DOCUMENTATION_COMMENTS = YES;
				CLANG_WARN_EMPTY_BODY = YES;
				CLANG_WARN_ENUM_CONVERSION = YES;
				CLANG_WARN_INFINITE_RECURSION = YES;
				CLANG_WARN_INT_CONVERSION = YES;
				CLANG_WARN_NON_LITERAL_NULL_CONVERSION = YES;
				CLANG_WARN_OBJC_IMPLICIT_RETAIN_SELF = YES;
				CLANG_WARN_OBJC_LITERAL_CONVERSION = YES;
				CLANG_WARN_OBJC_ROOT_CLASS = YES_ERROR;
				CLANG_WARN_QUOTED_INCLUDE_IN_FRAMEWORK_HEADER = YES;
				CLANG_WARN_RANGE_LOOP_ANALYSIS = YES;
				CLANG_WARN_STRICT_PROTOTYPES = YES;
				CLANG_WARN_SUSPICIOUS_MOVE = YES;
				CLANG_WARN_UNGUARDED_AVAILABILITY = YES_AGGRESSIVE;
				CLANG_WARN_UNREACHABLE_CODE = YES;
				CLANG_WARN__DUPLICATE_METHOD_MATCH = YES;
				COPY_PHASE_STRIP = NO;
				DEBUG_INFORMATION_FORMAT = "dwarf-with-dsym";
				ENABLE_NS_ASSERTIONS = NO;
				ENABLE_STRICT_OBJC_MSGSEND = YES;
				GCC_C_LANGUAGE_STANDARD = gnu11;
				GCC_NO_COMMON_BLOCKS = YES;
				GCC_WARN_64_TO_32_BIT_CONVERSION = YES;
				GCC_WARN_ABOUT_RETURN_TYPE = YES_ERROR;
				GCC_WARN_UNDECLARED_SELECTOR = YES;
				GCC_WARN_UNINITIALIZED_AUTOS = YES_AGGRESSIVE;
				GCC_WARN_UNUSED_FUNCTION = YES;
				GCC_WARN_UNUSED_VARIABLE = YES;
				MACOSX_DEPLOYMENT_TARGET = 13.2;
				MTL_ENABLE_DEBUG_INFO = NO;
				MTL_FAST_MATH = YES;
				SDKROOT = macosx;
				SWIFT_COMPILATION_MODE = wholemodule;
				SWIFT_OPTIMIZATION_LEVEL = "-O";
			};
			name = Release;
		};
		A8FD3D312A5D0BAA00908404 /* Debug */ = {
			isa = XCBuildConfiguration;
			buildSettings = {
				ASSETCATALOG_COMPILER_APPICON_NAME = AppIcon;
				ASSETCATALOG_COMPILER_GLOBAL_ACCENT_COLOR_NAME = AccentColor;
				CODE_SIGN_ENTITLEMENTS = Bito/Resource/Bito.entitlements;
				CODE_SIGN_STYLE = Automatic;
				COMBINE_HIDPI_IMAGES = YES;
				CURRENT_PROJECT_VERSION = A0NU8;
				DEVELOPMENT_ASSET_PATHS = "\"Bito/Preview Content\"";
				DEVELOPMENT_TEAM = Y366CJ66L6;
				ENABLE_HARDENED_RUNTIME = YES;
				ENABLE_PREVIEWS = YES;
				GENERATE_INFOPLIST_FILE = YES;
				INFOPLIST_FILE = Bito/Info.plist;
				INFOPLIST_KEY_CFBundleDisplayName = BitoNue;
				INFOPLIST_KEY_LSUIElement = YES;
				INFOPLIST_KEY_NSHumanReadableCopyright = "";
				LD_RUNPATH_SEARCH_PATHS = (
					"$(inherited)",
					"@executable_path/../Frameworks",
				);
				MARKETING_VERSION = 1.0.8;
				PRODUCT_BUNDLE_IDENTIFIER = com.yanunyang.Bito;
				PRODUCT_NAME = "$(TARGET_NAME)";
				SWIFT_EMIT_LOC_STRINGS = YES;
				SWIFT_VERSION = 5.0;
			};
			name = Debug;
		};
		A8FD3D322A5D0BAA00908404 /* Release */ = {
			isa = XCBuildConfiguration;
			buildSettings = {
				ASSETCATALOG_COMPILER_APPICON_NAME = AppIcon;
				ASSETCATALOG_COMPILER_GLOBAL_ACCENT_COLOR_NAME = AccentColor;
				CODE_SIGN_ENTITLEMENTS = Bito/Resource/Bito.entitlements;
				CODE_SIGN_STYLE = Automatic;
				COMBINE_HIDPI_IMAGES = YES;
				CURRENT_PROJECT_VERSION = A0NU8;
				DEVELOPMENT_ASSET_PATHS = "\"Bito/Preview Content\"";
				DEVELOPMENT_TEAM = Y366CJ66L6;
				ENABLE_HARDENED_RUNTIME = YES;
				ENABLE_PREVIEWS = YES;
				GENERATE_INFOPLIST_FILE = YES;
				INFOPLIST_FILE = Bito/Info.plist;
				INFOPLIST_KEY_CFBundleDisplayName = BitoNue;
				INFOPLIST_KEY_LSUIElement = YES;
				INFOPLIST_KEY_NSHumanReadableCopyright = "";
				LD_RUNPATH_SEARCH_PATHS = (
					"$(inherited)",
					"@executable_path/../Frameworks",
				);
				MARKETING_VERSION = 1.0.8;
				PRODUCT_BUNDLE_IDENTIFIER = com.yanunyang.Bito;
				PRODUCT_NAME = "$(TARGET_NAME)";
				SWIFT_EMIT_LOC_STRINGS = YES;
				SWIFT_VERSION = 5.0;
			};
			name = Release;
		};
/* End XCBuildConfiguration section */

/* Begin XCConfigurationList section */
		A8FD3D1C2A5D0BA800908404 /* Build configuration list for PBXProject "Bito" */ = {
			isa = XCConfigurationList;
			buildConfigurations = (
				A8FD3D2E2A5D0BAA00908404 /* Debug */,
				A8FD3D2F2A5D0BAA00908404 /* Release */,
			);
			defaultConfigurationIsVisible = 0;
			defaultConfigurationName = Release;
		};
		A8FD3D302A5D0BAA00908404 /* Build configuration list for PBXNativeTarget "Bito" */ = {
			isa = XCConfigurationList;
			buildConfigurations = (
				A8FD3D312A5D0BAA00908404 /* Debug */,
				A8FD3D322A5D0BAA00908404 /* Release */,
			);
			defaultConfigurationIsVisible = 0;
			defaultConfigurationName = Release;
		};
/* End XCConfigurationList section */

/* Begin XCRemoteSwiftPackageReference section */
		A84FA8862A67BF4F0092AB5E /* XCRemoteSwiftPackageReference "Sparkle" */ = {
			isa = XCRemoteSwiftPackageReference;
			repositoryURL = "https://github.com/sparkle-project/Sparkle";
			requirement = {
				kind = upToNextMajorVersion;
				minimumVersion = 2.0.0;
			};
		};
		A8FD3D422A5D23A900908404 /* XCRemoteSwiftPackageReference "Ditto" */ = {
			isa = XCRemoteSwiftPackageReference;
			repositoryURL = "https://github.com/yanun0323/Ditto";
			requirement = {
				branch = master;
				kind = branch;
			};
		};
/* End XCRemoteSwiftPackageReference section */

/* Begin XCSwiftPackageProductDependency section */
		A84FA8872A67BF4F0092AB5E /* Sparkle */ = {
			isa = XCSwiftPackageProductDependency;
			package = A84FA8862A67BF4F0092AB5E /* XCRemoteSwiftPackageReference "Sparkle" */;
			productName = Sparkle;
		};
		A8FD3D432A5D23A900908404 /* Ditto */ = {
			isa = XCSwiftPackageProductDependency;
			package = A8FD3D422A5D23A900908404 /* XCRemoteSwiftPackageReference "Ditto" */;
			productName = Ditto;
		};
/* End XCSwiftPackageProductDependency section */
	};
	rootObject = A8FD3D192A5D0BA800908404 /* Project object */;
}
